
Microsoft Visual Studio Solution File, Format Version 12.00
# Visual Studio Version 16
VisualStudioVersion = 16.0.31729.503
MinimumVisualStudioVersion = 10.0.40219.1
Project("{FAE04EC0-301F-11D3-BF4B-00C04F79EFBC}") = "DSS2", "DSS2\DSS2.csproj", "{CCBF44A0-AA88-41F6-AAEE-CF10E1231A21}"
EndProject
Global
	GlobalSection(SolutionConfigurationPlatforms) = preSolution
		Debug|Any CPU = Debug|Any CPU
		Release|Any CPU = Release|Any CPU
	EndGlobalSection
	GlobalSection(ProjectConfigurationPlatforms) = postSolution
		{CCBF44A0-AA88-41F6-AAEE-CF10E1231A21}.Debug|Any CPU.ActiveCfg = Debug|Any CPU
		{CCBF44A0-AA88-41F6-AAEE-CF10E1231A21}.Debug|Any CPU.Build.0 = Debug|Any CPU
		{CCBF44A0-AA88-41F6-AAEE-CF10E1231A21}.Release|Any CPU.ActiveCfg = Release|Any CPU
		{CCBF44A0-AA88-41F6-AAEE-CF10E1231A21}.Release|Any CPU.Build.0 = Release|Any CPU
	EndGlobalSection
	GlobalSection(SolutionProperties) = preSolution
		HideSolutionNode = FALSE
	EndGlobalSection
	GlobalSection(ExtensibilityGlobals) = postSolution
		SolutionGuid = {6B543D44-3471-423E-A393-545E4A69D9E4}
	EndGlobalSection
EndGlobal
